// !$*UTF8*$!
{
	archiveVersion = 1;
	classes = {
	};
	objectVersion = 46;
	objects = {

/* Begin PBXBuildFile section */
		5B26A142296A76750015DFA1 /* Pods_testSlideMenuSwift.framework in Frameworks */ = {isa = PBXBuildFile; fileRef = 9CC05C44608963ADE3CCDF7D /* Pods_testSlideMenuSwift.framework */; };
		9A3DB08B1D71388C002A9854 /* MainViewController.swift in Sources */ = {isa = PBXBuildFile; fileRef = 9A3DB08A1D71388C002A9854 /* MainViewController.swift */; };
		9A3DB08D1D7138A1002A9854 /* LeftViewController.swift in Sources */ = {isa = PBXBuildFile; fileRef = 9A3DB08C1D7138A1002A9854 /* LeftViewController.swift */; };
		9A3DB08F1D7138BA002A9854 /* RightViewController.swift in Sources */ = {isa = PBXBuildFile; fileRef = 9A3DB08E1D7138BA002A9854 /* RightViewController.swift */; };
		9A3DB0911D7138FC002A9854 /* ContailnerViewController.swift in Sources */ = {isa = PBXBuildFile; fileRef = 9A3DB0901D7138FC002A9854 /* ContailnerViewController.swift */; };
		9A3DB0931D7159BC002A9854 /* UIViewControllerExtention.swift in Sources */ = {isa = PBXBuildFile; fileRef = 9A3DB0921D7159BC002A9854 /* UIViewControllerExtention.swift */; };
		9AF915011D7137C200B1C849 /* AppDelegate.swift in Sources */ = {isa = PBXBuildFile; fileRef = 9AF915001D7137C200B1C849 /* AppDelegate.swift */; };
		9AF915031D7137C200B1C849 /* ViewController.swift in Sources */ = {isa = PBXBuildFile; fileRef = 9AF915021D7137C200B1C849 /* ViewController.swift */; };
		9AF915061D7137C200B1C849 /* Main.storyboard in Resources */ = {isa = PBXBuildFile; fileRef = 9AF915041D7137C200B1C849 /* Main.storyboard */; };
		9AF915081D7137C200B1C849 /* Assets.xcassets in Resources */ = {isa = PBXBuildFile; fileRef = 9AF915071D7137C200B1C849 /* Assets.xcassets */; };
		9AF9150B1D7137C200B1C849 /* LaunchScreen.storyboard in Resources */ = {isa = PBXBuildFile; fileRef = 9AF915091D7137C200B1C849 /* LaunchScreen.storyboard */; };
/* End PBXBuildFile section */

/* Begin PBXFileReference section */
		8097638B10BB7941BEA14657 /* Pods-testSlideMenuSwift.release.xcconfig */ = {isa = PBXFileReference; includeInIndex = 1; lastKnownFileType = text.xcconfig; name = "Pods-testSlideMenuSwift.release.xcconfig"; path = "Pods/Target Support Files/Pods-testSlideMenuSwift/Pods-testSlideMenuSwift.release.xcconfig"; sourceTree = "<group>"; };
		9A3DB08A1D71388C002A9854 /* MainViewController.swift */ = {isa = PBXFileReference; fileEncoding = 4; lastKnownFileType = sourcecode.swift; path = MainViewController.swift; sourceTree = "<group>"; };
		9A3DB08C1D7138A1002A9854 /* LeftViewController.swift */ = {isa = PBXFileReference; fileEncoding = 4; lastKnownFileType = sourcecode.swift; path = LeftViewController.swift; sourceTree = "<group>"; };
		9A3DB08E1D7138BA002A9854 /* RightViewController.swift */ = {isa = PBXFileReference; fileEncoding = 4; lastKnownFileType = sourcecode.swift; path = RightViewController.swift; sourceTree = "<group>"; };
		9A3DB0901D7138FC002A9854 /* ContailnerViewController.swift */ = {isa = PBXFileReference; fileEncoding = 4; lastKnownFileType = sourcecode.swift; path = ContailnerViewController.swift; sourceTree = "<group>"; };
		9A3DB0921D7159BC002A9854 /* UIViewControllerExtention.swift */ = {isa = PBXFileReference; fileEncoding = 4; lastKnownFileType = sourcecode.swift; path = UIViewControllerExtention.swift; sourceTree = "<group>"; };
		9AF914FD1D7137C200B1C849 /* testSlideMenuSwift.app */ = {isa = PBXFileReference; explicitFileType = wrapper.application; includeInIndex = 0; path = testSlideMenuSwift.app; sourceTree = BUILT_PRODUCTS_DIR; };
		9AF915001D7137C200B1C849 /* AppDelegate.swift */ = {isa = PBXFileReference; lastKnownFileType = sourcecode.swift; path = AppDelegate.swift; sourceTree = "<group>"; };
		9AF915021D7137C200B1C849 /* ViewController.swift */ = {isa = PBXFileReference; lastKnownFileType = sourcecode.swift; path = ViewController.swift; sourceTree = "<group>"; };
		9AF915051D7137C200B1C849 /* Base */ = {isa = PBXFileReference; lastKnownFileType = file.storyboard; name = Base; path = Base.lproj/Main.storyboard; sourceTree = "<group>"; };
		9AF915071D7137C200B1C849 /* Assets.xcassets */ = {isa = PBXFileReference; lastKnownFileType = folder.assetcatalog; path = Assets.xcassets; sourceTree = "<group>"; };
		9AF9150A1D7137C200B1C849 /* Base */ = {isa = PBXFileReference; lastKnownFileType = file.storyboard; name = Base; path = Base.lproj/LaunchScreen.storyboard; sourceTree = "<group>"; };
		9AF9150C1D7137C200B1C849 /* Info.plist */ = {isa = PBXFileReference; lastKnownFileType = text.plist.xml; path = Info.plist; sourceTree = "<group>"; };
		9CC05C44608963ADE3CCDF7D /* Pods_testSlideMenuSwift.framework */ = {isa = PBXFileReference; explicitFileType = wrapper.framework; includeInIndex = 0; path = Pods_testSlideMenuSwift.framework; sourceTree = BUILT_PRODUCTS_DIR; };
		A0D4BF773526DFBAF93B82B2 /* Pods-testSlideMenuSwift.debug.xcconfig */ = {isa = PBXFileReference; includeInIndex = 1; lastKnownFileType = text.xcconfig; name = "Pods-testSlideMenuSwift.debug.xcconfig"; path = "Pods/Target Support Files/Pods-testSlideMenuSwift/Pods-testSlideMenuSwift.debug.xcconfig"; sourceTree = "<group>"; };
/* End PBXFileReference section */

/* Begin PBXFrameworksBuildPhase section */
		9AF914FA1D7137C200B1C849 /* Frameworks */ = {
			isa = PBXFrameworksBuildPhase;
			buildActionMask = 2147483647;
			files = (
				5B26A142296A76750015DFA1 /* Pods_testSlideMenuSwift.framework in Frameworks */,
			);
			runOnlyForDeploymentPostprocessing = 0;
		};
/* End PBXFrameworksBuildPhase section */

/* Begin PBXGroup section */
		1B0BA38C25D50A93E79A9F35 /* Pods */ = {
			isa = PBXGroup;
			children = (
				A0D4BF773526DFBAF93B82B2 /* Pods-testSlideMenuSwift.debug.xcconfig */,
				8097638B10BB7941BEA14657 /* Pods-testSlideMenuSwift.release.xcconfig */,
			);
			name = Pods;
			sourceTree = "<group>";
		};
		64E59C7C051DBC82292D2215 /* Frameworks */ = {
			isa = PBXGroup;
			children = (
				9CC05C44608963ADE3CCDF7D /* Pods_testSlideMenuSwift.framework */,
			);
			name = Frameworks;
			sourceTree = "<group>";
		};
		9AF914F41D7137C200B1C849 = {
			isa = PBXGroup;
			children = (
				9AF914FF1D7137C200B1C849 /* testSlideMenuSwift */,
				9AF914FE1D7137C200B1C849 /* Products */,
				1B0BA38C25D50A93E79A9F35 /* Pods */,
				64E59C7C051DBC82292D2215 /* Frameworks */,
			);
			sourceTree = "<group>";
		};
		9AF914FE1D7137C200B1C849 /* Products */ = {
			isa = PBXGroup;
			children = (
				9AF914FD1D7137C200B1C849 /* testSlideMenuSwift.app */,
			);
			name = Products;
			sourceTree = "<group>";
		};
		9AF914FF1D7137C200B1C849 /* testSlideMenuSwift */ = {
			isa = PBXGroup;
			children = (
				9AF915001D7137C200B1C849 /* AppDelegate.swift */,
				9AF915021D7137C200B1C849 /* ViewController.swift */,
				9AF915041D7137C200B1C849 /* Main.storyboard */,
				9AF915071D7137C200B1C849 /* Assets.xcassets */,
				9AF915091D7137C200B1C849 /* LaunchScreen.storyboard */,
				9AF9150C1D7137C200B1C849 /* Info.plist */,
				9A3DB08A1D71388C002A9854 /* MainViewController.swift */,
				9A3DB08C1D7138A1002A9854 /* LeftViewController.swift */,
				9A3DB08E1D7138BA002A9854 /* RightViewController.swift */,
				9A3DB0901D7138FC002A9854 /* ContailnerViewController.swift */,
				9A3DB0921D7159BC002A9854 /* UIViewControllerExtention.swift */,
			);
			path = testSlideMenuSwift;
			sourceTree = "<group>";
		};
/* End PBXGroup section */

/* Begin PBXNativeTarget section */
		9AF914FC1D7137C200B1C849 /* testSlideMenuSwift */ = {
			isa = PBXNativeTarget;
			buildConfigurationList = 9AF9150F1D7137C200B1C849 /* Build configuration list for PBXNativeTarget "testSlideMenuSwift" */;
			buildPhases = (
				9E84916541D2264FA64E1B68 /* [CP] Check Pods Manifest.lock */,
				9AF914F91D7137C200B1C849 /* Sources */,
				9AF914FA1D7137C200B1C849 /* Frameworks */,
				9AF914FB1D7137C200B1C849 /* Resources */,
				07415C075BE92F1F8F024681 /* [CP] Embed Pods Frameworks */,
				357415909227A1C02614E935 /* [CP] Copy Pods Resources */,
			);
			buildRules = (
			);
			dependencies = (
			);
			name = testSlideMenuSwift;
			productName = testSlideMenuSwift;
			productReference = 9AF914FD1D7137C200B1C849 /* testSlideMenuSwift.app */;
			productType = "com.apple.product-type.application";
		};
/* End PBXNativeTarget section */

/* Begin PBXProject section */
		9AF914F51D7137C200B1C849 /* Project object */ = {
			isa = PBXProject;
			attributes = {
				LastSwiftUpdateCheck = 0730;
				LastUpgradeCheck = 0730;
				ORGANIZATIONNAME = IkkiTakahashi;
				TargetAttributes = {
					9AF914FC1D7137C200B1C849 = {
						CreatedOnToolsVersion = 7.3.1;
						DevelopmentTeam = N6HCZ324GJ;
					};
				};
			};
			buildConfigurationList = 9AF914F81D7137C200B1C849 /* Build configuration list for PBXProject "testSlideMenuSwift" */;
			compatibilityVersion = "Xcode 3.2";
			developmentRegion = English;
			hasScannedForEncodings = 0;
			knownRegions = (
				en,
				Base,
			);
			mainGroup = 9AF914F41D7137C200B1C849;
			productRefGroup = 9AF914FE1D7137C200B1C849 /* Products */;
			projectDirPath = "";
			projectRoot = "";
			targets = (
				9AF914FC1D7137C200B1C849 /* testSlideMenuSwift */,
			);
		};
/* End PBXProject section */

/* Begin PBXResourcesBuildPhase section */
		9AF914FB1D7137C200B1C849 /* Resources */ = {
			isa = PBXResourcesBuildPhase;
			buildActionMask = 2147483647;
			files = (
				9AF9150B1D7137C200B1C849 /* LaunchScreen.storyboard in Resources */,
				9AF915081D7137C200B1C849 /* Assets.xcassets in Resources */,
				9AF915061D7137C200B1C849 /* Main.storyboard in Resources */,
			);
			runOnlyForDeploymentPostprocessing = 0;
		};
/* End PBXResourcesBuildPhase section */

/* Begin PBXShellScriptBuildPhase section */
		07415C075BE92F1F8F024681 /* [CP] Embed Pods Frameworks */ = {
			isa = PBXShellScriptBuildPhase;
			buildActionMask = 2147483647;
			files = (
			);
			inputPaths = (
			);
			name = "[CP] Embed Pods Frameworks";
			outputPaths = (
			);
			runOnlyForDeploymentPostprocessing = 0;
			shellPath = /bin/sh;
			shellScript = "\"${SRCROOT}/Pods/Target Support Files/Pods-testSlideMenuSwift/Pods-testSlideMenuSwift-frameworks.sh\"\n";
			showEnvVarsInLog = 0;
		};
		357415909227A1C02614E935 /* [CP] Copy Pods Resources */ = {
			isa = PBXShellScriptBuildPhase;
			buildActionMask = 2147483647;
			files = (
			);
			inputPaths = (
			);
			name = "[CP] Copy Pods Resources";
			outputPaths = (
			);
			runOnlyForDeploymentPostprocessing = 0;
			shellPath = /bin/sh;
			shellScript = "\"${SRCROOT}/Pods/Target Support Files/Pods-testSlideMenuSwift/Pods-testSlideMenuSwift-resources.sh\"\n";
			showEnvVarsInLog = 0;
		};
		9E84916541D2264FA64E1B68 /* [CP] Check Pods Manifest.lock */ = {
			isa = PBXShellScriptBuildPhase;
			buildActionMask = 2147483647;
			files = (
			);
			inputPaths = (
			);
			name = "[CP] Check Pods Manifest.lock";
			outputPaths = (
			);
			runOnlyForDeploymentPostprocessing = 0;
			shellPath = /bin/sh;
			shellScript = "diff \"${PODS_ROOT}/../Podfile.lock\" \"${PODS_ROOT}/Manifest.lock\" > /dev/null\nif [[ $? != 0 ]] ; then\n    cat << EOM\nerror: The sandbox is not in sync with the Podfile.lock. Run 'pod install' or update your CocoaPods installation.\nEOM\n    exit 1\nfi\n";
			showEnvVarsInLog = 0;
		};
/* End PBXShellScriptBuildPhase section */

/* Begin PBXSourcesBuildPhase section */
		9AF914F91D7137C200B1C849 /* Sources */ = {
			isa = PBXSourcesBuildPhase;
			buildActionMask = 2147483647;
			files = (
				9A3DB0931D7159BC002A9854 /* UIViewControllerExtention.swift in Sources */,
				9A3DB08B1D71388C002A9854 /* MainViewController.swift in Sources */,
				9A3DB08D1D7138A1002A9854 /* LeftViewController.swift in Sources */,
				9A3DB08F1D7138BA002A9854 /* RightViewController.swift in Sources */,
				9A3DB0911D7138FC002A9854 /* ContailnerViewController.swift in Sources */,
				9AF915031D7137C200B1C849 /* ViewController.swift in Sources */,
				9AF915011D7137C200B1C849 /* AppDelegate.swift in Sources */,
			);
			runOnlyForDeploymentPostprocessing = 0;
		};
/* End PBXSourcesBuildPhase section */

/* Begin PBXVariantGroup section */
		9AF915041D7137C200B1C849 /* Main.storyboard */ = {
			isa = PBXVariantGroup;
			children = (
				9AF915051D7137C200B1C849 /* Base */,
			);
			name = Main.storyboard;
			sourceTree = "<group>";
		};
		9AF915091D7137C200B1C849 /* LaunchScreen.storyboard */ = {
			isa = PBXVariantGroup;
			children = (
				9AF9150A1D7137C200B1C849 /* Base */,
			);
			name = LaunchScreen.storyboard;
			sourceTree = "<group>";
		};
/* End PBXVariantGroup section */

/* Begin XCBuildConfiguration section */
		9AF9150D1D7137C200B1C849 /* Debug */ = {
			isa = XCBuildConfiguration;
			buildSettings = {
				ALWAYS_SEARCH_USER_PATHS = NO;
				CLANG_ANALYZER_NONNULL = YES;
				CLANG_CXX_LANGUAGE_STANDARD = "gnu++0x";
				CLANG_CXX_LIBRARY = "libc++";
				CLANG_ENABLE_MODULES = YES;
				CLANG_ENABLE_OBJC_ARC = YES;
				CLANG_WARN_BOOL_CONVERSION = YES;
				CLANG_WARN_CONSTANT_CONVERSION = YES;
				CLANG_WARN_DIRECT_OBJC_ISA_USAGE = YES_ERROR;
				CLANG_WARN_EMPTY_BODY = YES;
				CLANG_WARN_ENUM_CONVERSION = YES;
				CLANG_WARN_INT_CONVERSION = YES;
				CLANG_WARN_OBJC_ROOT_CLASS = YES_ERROR;
				CLANG_WARN_UNREACHABLE_CODE = YES;
				CLANG_WARN__DUPLICATE_METHOD_MATCH = YES;
				"CODE_SIGN_IDENTITY[sdk=iphoneos*]" = "iPhone Developer";
				COPY_PHASE_STRIP = NO;
				DEBUG_INFORMATION_FORMAT = dwarf;
				ENABLE_STRICT_OBJC_MSGSEND = YES;
				ENABLE_TESTABILITY = YES;
				GCC_C_LANGUAGE_STANDARD = gnu99;
				GCC_DYNAMIC_NO_PIC = NO;
				GCC_NO_COMMON_BLOCKS = YES;
				GCC_OPTIMIZATION_LEVEL = 0;
				GCC_PREPROCESSOR_DEFINITIONS = (
					"DEBUG=1",
					"$(inherited)",
				);
				GCC_WARN_64_TO_32_BIT_CONVERSION = YES;
				GCC_WARN_ABOUT_RETURN_TYPE = YES_ERROR;
				GCC_WARN_UNDECLARED_SELECTOR = YES;
				GCC_WARN_UNINITIALIZED_AUTOS = YES_AGGRESSIVE;
				GCC_WARN_UNUSED_FUNCTION = YES;
				GCC_WARN_UNUSED_VARIABLE = YES;
				IPHONEOS_DEPLOYMENT_TARGET = 9.3;
				MTL_ENABLE_DEBUG_INFO = YES;
				ONLY_ACTIVE_ARCH = YES;
				SDKROOT = iphoneos;
				SWIFT_OPTIMIZATION_LEVEL = "-Onone";
			};
			name = Debug;
		};
		9AF9150E1D7137C200B1C849 /* Release */ = {
			isa = XCBuildConfiguration;
			buildSettings = {
				ALWAYS_SEARCH_USER_PATHS = NO;
				CLANG_ANALYZER_NONNULL = YES;
				CLANG_CXX_LANGUAGE_STANDARD = "gnu++0x";
				CLANG_CXX_LIBRARY = "libc++";
				CLANG_ENABLE_MODULES = YES;
				CLANG_ENABLE_OBJC_ARC = YES;
				CLANG_WARN_BOOL_CONVERSION = YES;
				CLANG_WARN_CONSTANT_CONVERSION = YES;
				CLANG_WARN_DIRECT_OBJC_ISA_USAGE = YES_ERROR;
				CLANG_WARN_EMPTY_BODY = YES;
				CLANG_WARN_ENUM_CONVERSION = YES;
				CLANG_WARN_INT_CONVERSION = YES;
				CLANG_WARN_OBJC_ROOT_CLASS = YES_ERROR;
				CLANG_WARN_UNREACHABLE_CODE = YES;
				CLANG_WARN__DUPLICATE_METHOD_MATCH = YES;
				"CODE_SIGN_IDENTITY[sdk=iphoneos*]" = "iPhone Developer";
				COPY_PHASE_STRIP = NO;
				DEBUG_INFORMATION_FORMAT = "dwarf-with-dsym";
				ENABLE_NS_ASSERTIONS = NO;
				ENABLE_STRICT_OBJC_MSGSEND = YES;
				GCC_C_LANGUAGE_STANDARD = gnu99;
				GCC_NO_COMMON_BLOCKS = YES;
				GCC_WARN_64_TO_32_BIT_CONVERSION = YES;
				GCC_WARN_ABOUT_RETURN_TYPE = YES_ERROR;
				GCC_WARN_UNDECLARED_SELECTOR = YES;
				GCC_WARN_UNINITIALIZED_AUTOS = YES_AGGRESSIVE;
				GCC_WARN_UNUSED_FUNCTION = YES;
				GCC_WARN_UNUSED_VARIABLE = YES;
				IPHONEOS_DEPLOYMENT_TARGET = 9.3;
				MTL_ENABLE_DEBUG_INFO = NO;
				SDKROOT = iphoneos;
				VALIDATE_PRODUCT = YES;
			};
			name = Release;
		};
		9AF915101D7137C200B1C849 /* Debug */ = {
			isa = XCBuildConfiguration;
			baseConfigurationReference = A0D4BF773526DFBAF93B82B2 /* Pods-testSlideMenuSwift.debug.xcconfig */;
			buildSettings = {
				ASSETCATALOG_COMPILER_APPICON_NAME = AppIcon;
				CODE_SIGN_IDENTITY = "iPhone Developer";
				"CODE_SIGN_IDENTITY[sdk=iphoneos*]" = "iPhone Developer";
				INFOPLIST_FILE = testSlideMenuSwift/Info.plist;
				LD_RUNPATH_SEARCH_PATHS = "$(inherited) @executable_path/Frameworks";
				PRODUCT_BUNDLE_IDENTIFIER = jp.co.ikkitakahashi.testSlideMenuSwift;
				PRODUCT_NAME = "$(TARGET_NAME)";
				PROVISIONING_PROFILE = "";
			};
			name = Debug;
		};
		9AF915111D7137C200B1C849 /* Release */ = {
			isa = XCBuildConfiguration;
			baseConfigurationReference = 8097638B10BB7941BEA14657 /* Pods-testSlideMenuSwift.release.xcconfig */;
			buildSettings = {
				ASSETCATALOG_COMPILER_APPICON_NAME = AppIcon;
				CODE_SIGN_IDENTITY = "iPhone Developer";
				"CODE_SIGN_IDENTITY[sdk=iphoneos*]" = "iPhone Developer";
				INFOPLIST_FILE = testSlideMenuSwift/Info.plist;
				LD_RUNPATH_SEARCH_PATHS = "$(inherited) @executable_path/Frameworks";
				PRODUCT_BUNDLE_IDENTIFIER = jp.co.ikkitakahashi.testSlideMenuSwift;
				PRODUCT_NAME = "$(TARGET_NAME)";
				PROVISIONING_PROFILE = "";
			};
			name = Release;
		};
/* End XCBuildConfiguration section */

/* Begin XCConfigurationList section */
		9AF914F81D7137C200B1C849 /* Build configuration list for PBXProject "testSlideMenuSwift" */ = {
			isa = XCConfigurationList;
			buildConfigurations = (
				9AF9150D1D7137C200B1C849 /* Debug */,
				9AF9150E1D7137C200B1C849 /* Release */,
			);
			defaultConfigurationIsVisible = 0;
			defaultConfigurationName = Release;
		};
		9AF9150F1D7137C200B1C849 /* Build configuration list for PBXNativeTarget "testSlideMenuSwift" */ = {
			isa = XCConfigurationList;
			buildConfigurations = (
				9AF915101D7137C200B1C849 /* Debug */,
				9AF915111D7137C200B1C849 /* Release */,
			);
			defaultConfigurationIsVisible = 0;
			defaultConfigurationName = Release;
		};
/* End XCConfigurationList section */
	};
	rootObject = 9AF914F51D7137C200B1C849 /* Project object */;
}
